
Microsoft Visual Studio Solution File, Format Version 11.00
# Visual Studio 2010
Project("{FAE04EC0-301F-11D3-BF4B-00C04F79EFBC}") = "PirateShipGame", "PirateShipGame\PirateShipGame\PirateShipGame.csproj", "{8C84C77E-F076-4684-AED1-E0306903CBB7}"
EndProject
Project("{FAE04EC0-301F-11D3-BF4B-00C04F79EFBC}") = "PirateShipGameContent", "PirateShipGame\PirateShipGameContent\PirateShipGameContent.contentproj", "{FEB96D7F-AD02-480D-B301-44333EC75959}"
EndProject
Project("{2150E333-8FDC-42A3-9474-1A3956D46DE8}") = "Solution Items", "Solution Items", "{3B054A3D-2C8C-49D9-AB86-DA370C19F352}"
EndProject
Global
	GlobalSection(SolutionConfigurationPlatforms) = preSolution
		Debug|x86 = Debug|x86
		Release|x86 = Release|x86
	EndGlobalSection
	GlobalSection(ProjectConfigurationPlatforms) = postSolution
		{8C84C77E-F076-4684-AED1-E0306903CBB7}.Debug|x86.ActiveCfg = Debug|x86
		{8C84C77E-F076-4684-AED1-E0306903CBB7}.Debug|x86.Build.0 = Debug|x86
		{8C84C77E-F076-4684-AED1-E0306903CBB7}.Release|x86.ActiveCfg = Release|x86
		{8C84C77E-F076-4684-AED1-E0306903CBB7}.Release|x86.Build.0 = Release|x86
		{FEB96D7F-AD02-480D-B301-44333EC75959}.Debug|x86.ActiveCfg = Debug|x86
		{FEB96D7F-AD02-480D-B301-44333EC75959}.Release|x86.ActiveCfg = Release|x86
	EndGlobalSection
	GlobalSection(SolutionProperties) = preSolution
		HideSolutionNode = FALSE
	EndGlobalSection
EndGlobal
